// !$*UTF8*$!
{
	archiveVersion = 1;
	classes = {
	};
	objectVersion = 54;
	objects = {

/* Begin PBXBuildFile section */
		D011BDA02C62557400EBF4A0 /* DefaultBrowserLinkOpener.swift in Sources */ = {isa = PBXBuildFile; fileRef = D011BD9F2C62557400EBF4A0 /* DefaultBrowserLinkOpener.swift */; };
		D01646BA255AF27A00646F0C /* utils.swift in Sources */ = {isa = PBXBuildFile; fileRef = D01646B9255AF27A00646F0C /* utils.swift */; };
		D03EA8D325551E0400D3656E /* main.swift in Sources */ = {isa = PBXBuildFile; fileRef = D03EA8D225551E0400D3656E /* main.swift */; };
		D03EA8D725551E0700D3656E /* Assets.xcassets in Resources */ = {isa = PBXBuildFile; fileRef = D03EA8D625551E0700D3656E /* Assets.xcassets */; };
		D040E2422667A4FC00495B2D /* Alfred in Frameworks */ = {isa = PBXBuildFile; productRef = D040E2412667A4FC00495B2D /* Alfred */; };
		D04F70D5255893B3008E17A4 /* NSColorExtension.swift in Sources */ = {isa = PBXBuildFile; fileRef = D04F70D4255893B3008E17A4 /* NSColorExtension.swift */; };
		D07349462C541D6300F004C8 /* PanePosition.swift in Sources */ = {isa = PBXBuildFile; fileRef = D07349452C541D6300F004C8 /* PanePosition.swift */; };
		D07360EA2C3237F600739755 /* NSColorExtensionTests.swift in Sources */ = {isa = PBXBuildFile; fileRef = D07360E92C3237F600739755 /* NSColorExtensionTests.swift */; };
		D08B6EE5266F31790099EB36 /* Pane.swift in Sources */ = {isa = PBXBuildFile; fileRef = D08B6EE4266F31790099EB36 /* Pane.swift */; };
		D08B6EE7266F9B520099EB36 /* PanePositionCodable.swift in Sources */ = {isa = PBXBuildFile; fileRef = D08B6EE6266F9B520099EB36 /* PanePositionCodable.swift */; };
		D0B3E0A42B8A1F3A008EA695 /* AlfredExtraPaneTests.swift in Sources */ = {isa = PBXBuildFile; fileRef = D0B3E0A32B8A1F3A008EA695 /* AlfredExtraPaneTests.swift */; };
		D0E764282C3C1E6D00E662F3 /* Sparkle in Frameworks */ = {isa = PBXBuildFile; productRef = D0E764272C3C1E6D00E662F3 /* Sparkle */; };
		D0FCE9412C40049200F5006C /* Menu.swift in Sources */ = {isa = PBXBuildFile; fileRef = D0FCE9402C40049200F5006C /* Menu.swift */; };
		D0FCE9432C400A7600F5006C /* WebViewInjection.swift in Sources */ = {isa = PBXBuildFile; fileRef = D0FCE9422C400A7600F5006C /* WebViewInjection.swift */; };
/* End PBXBuildFile section */

/* Begin PBXContainerItemProxy section */
		D0B3E0A52B8A1F3A008EA695 /* PBXContainerItemProxy */ = {
			isa = PBXContainerItemProxy;
			containerPortal = D03EA8C725551E0400D3656E /* Project object */;
			proxyType = 1;
			remoteGlobalIDString = D03EA8CE25551E0400D3656E;
			remoteInfo = AlfredExtraPane;
		};
/* End PBXContainerItemProxy section */

/* Begin PBXCopyFilesBuildPhase section */
		D03EA8F22555664D00D3656E /* Embed Frameworks */ = {
			isa = PBXCopyFilesBuildPhase;
			buildActionMask = 2147483647;
			dstPath = "";
			dstSubfolderSpec = 10;
			files = (
			);
			name = "Embed Frameworks";
			runOnlyForDeploymentPostprocessing = 0;
		};
		D08B6EFA267050670099EB36 /* CopyFiles */ = {
			isa = PBXCopyFilesBuildPhase;
			buildActionMask = 2147483647;
			dstPath = "";
			dstSubfolderSpec = 6;
			files = (
			);
			runOnlyForDeploymentPostprocessing = 0;
		};
/* End PBXCopyFilesBuildPhase section */

/* Begin PBXFileReference section */
		D011BD9F2C62557400EBF4A0 /* DefaultBrowserLinkOpener.swift */ = {isa = PBXFileReference; lastKnownFileType = sourcecode.swift; path = DefaultBrowserLinkOpener.swift; sourceTree = "<group>"; };
		D01646B9255AF27A00646F0C /* utils.swift */ = {isa = PBXFileReference; lastKnownFileType = sourcecode.swift; path = utils.swift; sourceTree = "<group>"; };
		D03EA8CF25551E0400D3656E /* AlfredExtraPane.app */ = {isa = PBXFileReference; explicitFileType = wrapper.application; includeInIndex = 0; path = AlfredExtraPane.app; sourceTree = BUILT_PRODUCTS_DIR; };
		D03EA8D225551E0400D3656E /* main.swift */ = {isa = PBXFileReference; lastKnownFileType = sourcecode.swift; path = main.swift; sourceTree = "<group>"; };
		D03EA8D625551E0700D3656E /* Assets.xcassets */ = {isa = PBXFileReference; lastKnownFileType = folder.assetcatalog; path = Assets.xcassets; sourceTree = "<group>"; };
		D03EA8DB25551E0700D3656E /* Info.plist */ = {isa = PBXFileReference; lastKnownFileType = text.plist.xml; path = Info.plist; sourceTree = "<group>"; };
		D04F70D4255893B3008E17A4 /* NSColorExtension.swift */ = {isa = PBXFileReference; lastKnownFileType = sourcecode.swift; path = NSColorExtension.swift; sourceTree = "<group>"; };
		D07349452C541D6300F004C8 /* PanePosition.swift */ = {isa = PBXFileReference; lastKnownFileType = sourcecode.swift; path = PanePosition.swift; sourceTree = "<group>"; };
		D07360E92C3237F600739755 /* NSColorExtensionTests.swift */ = {isa = PBXFileReference; lastKnownFileType = sourcecode.swift; path = NSColorExtensionTests.swift; sourceTree = "<group>"; };
		D08B6EE4266F31790099EB36 /* Pane.swift */ = {isa = PBXFileReference; lastKnownFileType = sourcecode.swift; path = Pane.swift; sourceTree = "<group>"; };
		D08B6EE6266F9B520099EB36 /* PanePositionCodable.swift */ = {isa = PBXFileReference; lastKnownFileType = sourcecode.swift; path = PanePositionCodable.swift; sourceTree = "<group>"; };
		D0B3E0A12B8A1F39008EA695 /* AlfredExtraPaneTests.xctest */ = {isa = PBXFileReference; explicitFileType = wrapper.cfbundle; includeInIndex = 0; path = AlfredExtraPaneTests.xctest; sourceTree = BUILT_PRODUCTS_DIR; };
		D0B3E0A32B8A1F3A008EA695 /* AlfredExtraPaneTests.swift */ = {isa = PBXFileReference; lastKnownFileType = sourcecode.swift; path = AlfredExtraPaneTests.swift; sourceTree = "<group>"; };
		D0FCE9402C40049200F5006C /* Menu.swift */ = {isa = PBXFileReference; lastKnownFileType = sourcecode.swift; path = Menu.swift; sourceTree = "<group>"; };
		D0FCE9422C400A7600F5006C /* WebViewInjection.swift */ = {isa = PBXFileReference; lastKnownFileType = sourcecode.swift; path = WebViewInjection.swift; sourceTree = "<group>"; };
/* End PBXFileReference section */

/* Begin PBXFrameworksBuildPhase section */
		D03EA8CC25551E0400D3656E /* Frameworks */ = {
			isa = PBXFrameworksBuildPhase;
			buildActionMask = 2147483647;
			files = (
				D0E764282C3C1E6D00E662F3 /* Sparkle in Frameworks */,
				D040E2422667A4FC00495B2D /* Alfred in Frameworks */,
			);
			runOnlyForDeploymentPostprocessing = 0;
		};
		D0B3E09E2B8A1F39008EA695 /* Frameworks */ = {
			isa = PBXFrameworksBuildPhase;
			buildActionMask = 2147483647;
			files = (
			);
			runOnlyForDeploymentPostprocessing = 0;
		};
/* End PBXFrameworksBuildPhase section */

/* Begin PBXGroup section */
		D03EA8C625551E0400D3656E = {
			isa = PBXGroup;
			children = (
				D03EA8D125551E0400D3656E /* AlfredExtraPane */,
				D0B3E0A22B8A1F3A008EA695 /* AlfredExtraPaneTests */,
				D03EA8D025551E0400D3656E /* Products */,
				D03EA8EE2555664C00D3656E /* Frameworks */,
			);
			indentWidth = 2;
			sourceTree = "<group>";
			tabWidth = 2;
		};
		D03EA8D025551E0400D3656E /* Products */ = {
			isa = PBXGroup;
			children = (
				D03EA8CF25551E0400D3656E /* AlfredExtraPane.app */,
				D0B3E0A12B8A1F39008EA695 /* AlfredExtraPaneTests.xctest */,
			);
			name = Products;
			sourceTree = "<group>";
		};
		D03EA8D125551E0400D3656E /* AlfredExtraPane */ = {
			isa = PBXGroup;
			children = (
				D03EA8D225551E0400D3656E /* main.swift */,
				D03EA8D625551E0700D3656E /* Assets.xcassets */,
				D03EA8DB25551E0700D3656E /* Info.plist */,
				D04F70D4255893B3008E17A4 /* NSColorExtension.swift */,
				D01646B9255AF27A00646F0C /* utils.swift */,
				D08B6EE4266F31790099EB36 /* Pane.swift */,
				D07349452C541D6300F004C8 /* PanePosition.swift */,
				D08B6EE6266F9B520099EB36 /* PanePositionCodable.swift */,
				D0FCE9402C40049200F5006C /* Menu.swift */,
				D0FCE9422C400A7600F5006C /* WebViewInjection.swift */,
				D011BD9F2C62557400EBF4A0 /* DefaultBrowserLinkOpener.swift */,
			);
			path = AlfredExtraPane;
			sourceTree = "<group>";
		};
		D03EA8EE2555664C00D3656E /* Frameworks */ = {
			isa = PBXGroup;
			children = (
			);
			name = Frameworks;
			sourceTree = "<group>";
		};
		D0B3E0A22B8A1F3A008EA695 /* AlfredExtraPaneTests */ = {
			isa = PBXGroup;
			children = (
				D0B3E0A32B8A1F3A008EA695 /* AlfredExtraPaneTests.swift */,
				D07360E92C3237F600739755 /* NSColorExtensionTests.swift */,
			);
			path = AlfredExtraPaneTests;
			sourceTree = "<group>";
		};
/* End PBXGroup section */

/* Begin PBXNativeTarget section */
		D03EA8CE25551E0400D3656E /* AlfredExtraPane */ = {
			isa = PBXNativeTarget;
			buildConfigurationList = D03EA8DF25551E0700D3656E /* Build configuration list for PBXNativeTarget "AlfredExtraPane" */;
			buildPhases = (
				D03EA8CB25551E0400D3656E /* Sources */,
				D03EA8CC25551E0400D3656E /* Frameworks */,
				D03EA8CD25551E0400D3656E /* Resources */,
				D03EA8F22555664D00D3656E /* Embed Frameworks */,
				D08B6EFA267050670099EB36 /* CopyFiles */,
			);
			buildRules = (
			);
			dependencies = (
			);
			name = AlfredExtraPane;
			packageProductDependencies = (
				D040E2412667A4FC00495B2D /* Alfred */,
				D0E764272C3C1E6D00E662F3 /* Sparkle */,
			);
			productName = AlfredExtraPane;
			productReference = D03EA8CF25551E0400D3656E /* AlfredExtraPane.app */;
			productType = "com.apple.product-type.application";
		};
		D0B3E0A02B8A1F39008EA695 /* AlfredExtraPaneTests */ = {
			isa = PBXNativeTarget;
			buildConfigurationList = D0B3E0A72B8A1F3A008EA695 /* Build configuration list for PBXNativeTarget "AlfredExtraPaneTests" */;
			buildPhases = (
				D0B3E09D2B8A1F39008EA695 /* Sources */,
				D0B3E09E2B8A1F39008EA695 /* Frameworks */,
				D0B3E09F2B8A1F39008EA695 /* Resources */,
			);
			buildRules = (
			);
			dependencies = (
				D0B3E0A62B8A1F3A008EA695 /* PBXTargetDependency */,
			);
			name = AlfredExtraPaneTests;
			productName = AlfredExtraPaneTests;
			productReference = D0B3E0A12B8A1F39008EA695 /* AlfredExtraPaneTests.xctest */;
			productType = "com.apple.product-type.bundle.unit-test";
		};
/* End PBXNativeTarget section */

/* Begin PBXProject section */
		D03EA8C725551E0400D3656E /* Project object */ = {
			isa = PBXProject;
			attributes = {
				LastSwiftUpdateCheck = 1520;
				LastUpgradeCheck = 1240;
				ORGANIZATIONNAME = "Mr. Pennyworth";
				TargetAttributes = {
					D03EA8CE25551E0400D3656E = {
						CreatedOnToolsVersion = 11.7;
					};
					D0B3E0A02B8A1F39008EA695 = {
						CreatedOnToolsVersion = 15.2;
						TestTargetID = D03EA8CE25551E0400D3656E;
					};
				};
			};
			buildConfigurationList = D03EA8CA25551E0400D3656E /* Build configuration list for PBXProject "AlfredExtraPane" */;
			compatibilityVersion = "Xcode 9.3";
			developmentRegion = en;
			hasScannedForEncodings = 0;
			knownRegions = (
				en,
				Base,
			);
			mainGroup = D03EA8C625551E0400D3656E;
			packageReferences = (
				D040E2402667A4FC00495B2D /* XCRemoteSwiftPackageReference "AlfredSwift" */,
				D0E764262C3C1E6D00E662F3 /* XCRemoteSwiftPackageReference "Sparkle" */,
			);
			productRefGroup = D03EA8D025551E0400D3656E /* Products */;
			projectDirPath = "";
			projectRoot = "";
			targets = (
				D03EA8CE25551E0400D3656E /* AlfredExtraPane */,
				D0B3E0A02B8A1F39008EA695 /* AlfredExtraPaneTests */,
			);
		};
/* End PBXProject section */

/* Begin PBXResourcesBuildPhase section */
		D03EA8CD25551E0400D3656E /* Resources */ = {
			isa = PBXResourcesBuildPhase;
			buildActionMask = 2147483647;
			files = (
				D03EA8D725551E0700D3656E /* Assets.xcassets in Resources */,
			);
			runOnlyForDeploymentPostprocessing = 0;
		};
		D0B3E09F2B8A1F39008EA695 /* Resources */ = {
			isa = PBXResourcesBuildPhase;
			buildActionMask = 2147483647;
			files = (
			);
			runOnlyForDeploymentPostprocessing = 0;
		};
/* End PBXResourcesBuildPhase section */

/* Begin PBXSourcesBuildPhase section */
		D03EA8CB25551E0400D3656E /* Sources */ = {
			isa = PBXSourcesBuildPhase;
			buildActionMask = 2147483647;
			files = (
				D0FCE9412C40049200F5006C /* Menu.swift in Sources */,
				D03EA8D325551E0400D3656E /* main.swift in Sources */,
				D08B6EE5266F31790099EB36 /* Pane.swift in Sources */,
				D04F70D5255893B3008E17A4 /* NSColorExtension.swift in Sources */,
				D011BDA02C62557400EBF4A0 /* DefaultBrowserLinkOpener.swift in Sources */,
				D08B6EE7266F9B520099EB36 /* PanePositionCodable.swift in Sources */,
				D0FCE9432C400A7600F5006C /* WebViewInjection.swift in Sources */,
				D07349462C541D6300F004C8 /* PanePosition.swift in Sources */,
				D01646BA255AF27A00646F0C /* utils.swift in Sources */,
			);
			runOnlyForDeploymentPostprocessing = 0;
		};
		D0B3E09D2B8A1F39008EA695 /* Sources */ = {
			isa = PBXSourcesBuildPhase;
			buildActionMask = 2147483647;
			files = (
				D07360EA2C3237F600739755 /* NSColorExtensionTests.swift in Sources */,
				D0B3E0A42B8A1F3A008EA695 /* AlfredExtraPaneTests.swift in Sources */,
			);
			runOnlyForDeploymentPostprocessing = 0;
		};
/* End PBXSourcesBuildPhase section */

/* Begin PBXTargetDependency section */
		D0B3E0A62B8A1F3A008EA695 /* PBXTargetDependency */ = {
			isa = PBXTargetDependency;
			target = D03EA8CE25551E0400D3656E /* AlfredExtraPane */;
			targetProxy = D0B3E0A52B8A1F3A008EA695 /* PBXContainerItemProxy */;
		};
/* End PBXTargetDependency section */

/* Begin XCBuildConfiguration section */
		D03EA8DD25551E0700D3656E /* Debug */ = {
			isa = XCBuildConfiguration;
			buildSettings = {
				ALWAYS_SEARCH_USER_PATHS = NO;
				CLANG_ANALYZER_NONNULL = YES;
				CLANG_ANALYZER_NUMBER_OBJECT_CONVERSION = YES_AGGRESSIVE;
				CLANG_CXX_LANGUAGE_STANDARD = "gnu++14";
				CLANG_CXX_LIBRARY = "libc++";
				CLANG_ENABLE_MODULES = YES;
				CLANG_ENABLE_OBJC_ARC = YES;
				CLANG_ENABLE_OBJC_WEAK = YES;
				CLANG_WARN_BLOCK_CAPTURE_AUTORELEASING = YES;
				CLANG_WARN_BOOL_CONVERSION = YES;
				CLANG_WARN_COMMA = YES;
				CLANG_WARN_CONSTANT_CONVERSION = YES;
				CLANG_WARN_DEPRECATED_OBJC_IMPLEMENTATIONS = YES;
				CLANG_WARN_DIRECT_OBJC_ISA_USAGE = YES_ERROR;
				CLANG_WARN_DOCUMENTATION_COMMENTS = YES;
				CLANG_WARN_EMPTY_BODY = YES;
				CLANG_WARN_ENUM_CONVERSION = YES;
				CLANG_WARN_INFINITE_RECURSION = YES;
				CLANG_WARN_INT_CONVERSION = YES;
				CLANG_WARN_NON_LITERAL_NULL_CONVERSION = YES;
				CLANG_WARN_OBJC_IMPLICIT_RETAIN_SELF = YES;
				CLANG_WARN_OBJC_LITERAL_CONVERSION = YES;
				CLANG_WARN_OBJC_ROOT_CLASS = YES_ERROR;
				CLANG_WARN_QUOTED_INCLUDE_IN_FRAMEWORK_HEADER = YES;
				CLANG_WARN_RANGE_LOOP_ANALYSIS = YES;
				CLANG_WARN_STRICT_PROTOTYPES = YES;
				CLANG_WARN_SUSPICIOUS_MOVE = YES;
				CLANG_WARN_UNGUARDED_AVAILABILITY = YES_AGGRESSIVE;
				CLANG_WARN_UNREACHABLE_CODE = YES;
				CLANG_WARN__DUPLICATE_METHOD_MATCH = YES;
				COPY_PHASE_STRIP = NO;
				DEBUG_INFORMATION_FORMAT = dwarf;
				ENABLE_STRICT_OBJC_MSGSEND = YES;
				ENABLE_TESTABILITY = YES;
				GCC_C_LANGUAGE_STANDARD = gnu11;
				GCC_DYNAMIC_NO_PIC = NO;
				GCC_NO_COMMON_BLOCKS = YES;
				GCC_OPTIMIZATION_LEVEL = 0;
				GCC_PREPROCESSOR_DEFINITIONS = (
					"DEBUG=1",
					"$(inherited)",
				);
				GCC_WARN_64_TO_32_BIT_CONVERSION = YES;
				GCC_WARN_ABOUT_RETURN_TYPE = YES_ERROR;
				GCC_WARN_UNDECLARED_SELECTOR = YES;
				GCC_WARN_UNINITIALIZED_AUTOS = YES_AGGRESSIVE;
				GCC_WARN_UNUSED_FUNCTION = YES;
				GCC_WARN_UNUSED_VARIABLE = YES;
				MACOSX_DEPLOYMENT_TARGET = 11.0;
				MTL_ENABLE_DEBUG_INFO = INCLUDE_SOURCE;
				MTL_FAST_MATH = YES;
				ONLY_ACTIVE_ARCH = NO;
				SDKROOT = macosx;
				SWIFT_ACTIVE_COMPILATION_CONDITIONS = DEBUG;
				SWIFT_OPTIMIZATION_LEVEL = "-Onone";
			};
			name = Debug;
		};
		D03EA8DE25551E0700D3656E /* Release */ = {
			isa = XCBuildConfiguration;
			buildSettings = {
				ALWAYS_SEARCH_USER_PATHS = NO;
				CLANG_ANALYZER_NONNULL = YES;
				CLANG_ANALYZER_NUMBER_OBJECT_CONVERSION = YES_AGGRESSIVE;
				CLANG_CXX_LANGUAGE_STANDARD = "gnu++14";
				CLANG_CXX_LIBRARY = "libc++";
				CLANG_ENABLE_MODULES = YES;
				CLANG_ENABLE_OBJC_ARC = YES;
				CLANG_ENABLE_OBJC_WEAK = YES;
				CLANG_WARN_BLOCK_CAPTURE_AUTORELEASING = YES;
				CLANG_WARN_BOOL_CONVERSION = YES;
				CLANG_WARN_COMMA = YES;
				CLANG_WARN_CONSTANT_CONVERSION = YES;
				CLANG_WARN_DEPRECATED_OBJC_IMPLEMENTATIONS = YES;
				CLANG_WARN_DIRECT_OBJC_ISA_USAGE = YES_ERROR;
				CLANG_WARN_DOCUMENTATION_COMMENTS = YES;
				CLANG_WARN_EMPTY_BODY = YES;
				CLANG_WARN_ENUM_CONVERSION = YES;
				CLANG_WARN_INFINITE_RECURSION = YES;
				CLANG_WARN_INT_CONVERSION = YES;
				CLANG_WARN_NON_LITERAL_NULL_CONVERSION = YES;
				CLANG_WARN_OBJC_IMPLICIT_RETAIN_SELF = YES;
				CLANG_WARN_OBJC_LITERAL_CONVERSION = YES;
				CLANG_WARN_OBJC_ROOT_CLASS = YES_ERROR;
				CLANG_WARN_QUOTED_INCLUDE_IN_FRAMEWORK_HEADER = YES;
				CLANG_WARN_RANGE_LOOP_ANALYSIS = YES;
				CLANG_WARN_STRICT_PROTOTYPES = YES;
				CLANG_WARN_SUSPICIOUS_MOVE = YES;
				CLANG_WARN_UNGUARDED_AVAILABILITY = YES_AGGRESSIVE;
				CLANG_WARN_UNREACHABLE_CODE = YES;
				CLANG_WARN__DUPLICATE_METHOD_MATCH = YES;
				COPY_PHASE_STRIP = NO;
				DEBUG_INFORMATION_FORMAT = "dwarf-with-dsym";
				ENABLE_NS_ASSERTIONS = NO;
				ENABLE_STRICT_OBJC_MSGSEND = YES;
				GCC_C_LANGUAGE_STANDARD = gnu11;
				GCC_NO_COMMON_BLOCKS = YES;
				GCC_WARN_64_TO_32_BIT_CONVERSION = YES;
				GCC_WARN_ABOUT_RETURN_TYPE = YES_ERROR;
				GCC_WARN_UNDECLARED_SELECTOR = YES;
				GCC_WARN_UNINITIALIZED_AUTOS = YES_AGGRESSIVE;
				GCC_WARN_UNUSED_FUNCTION = YES;
				GCC_WARN_UNUSED_VARIABLE = YES;
				MACOSX_DEPLOYMENT_TARGET = 11.0;
				MTL_ENABLE_DEBUG_INFO = NO;
				MTL_FAST_MATH = YES;
				ONLY_ACTIVE_ARCH = NO;
				SDKROOT = macosx;
				SWIFT_COMPILATION_MODE = wholemodule;
				SWIFT_OPTIMIZATION_LEVEL = "-O";
			};
			name = Release;
		};
		D03EA8E025551E0700D3656E /* Debug */ = {
			isa = XCBuildConfiguration;
			buildSettings = {
				ASSETCATALOG_COMPILER_APPICON_NAME = AppIcon;
				CODE_SIGN_IDENTITY = "";
				COMBINE_HIDPI_IMAGES = YES;
				INFOPLIST_FILE = AlfredExtraPane/Info.plist;
				LD_RUNPATH_SEARCH_PATHS = (
					"$(inherited)",
					"@executable_path/../Frameworks",
				);
				MACOSX_DEPLOYMENT_TARGET = 11.0;
				MARKETING_VERSION = 0.2.7;
				ONLY_ACTIVE_ARCH = NO;
				OTHER_CODE_SIGN_FLAGS = "--deep";
				PRODUCT_BUNDLE_IDENTIFIER = mr.pennyworth.AlfredExtraPane;
				PRODUCT_NAME = "$(TARGET_NAME)";
				SWIFT_VERSION = 5.0;
			};
			name = Debug;
		};
		D03EA8E125551E0700D3656E /* Release */ = {
			isa = XCBuildConfiguration;
			buildSettings = {
				ASSETCATALOG_COMPILER_APPICON_NAME = AppIcon;
				CODE_SIGN_IDENTITY = "";
				COMBINE_HIDPI_IMAGES = YES;
				INFOPLIST_FILE = AlfredExtraPane/Info.plist;
				LD_RUNPATH_SEARCH_PATHS = (
					"$(inherited)",
					"@executable_path/../Frameworks",
				);
				MACOSX_DEPLOYMENT_TARGET = 11.0;
				MARKETING_VERSION = 0.2.7;
				ONLY_ACTIVE_ARCH = NO;
				OTHER_CODE_SIGN_FLAGS = "--deep";
				PRODUCT_BUNDLE_IDENTIFIER = mr.pennyworth.AlfredExtraPane;
				PRODUCT_NAME = "$(TARGET_NAME)";
				SWIFT_VERSION = 5.0;
			};
			name = Release;
		};
		D0B3E0A82B8A1F3A008EA695 /* Debug */ = {
			isa = XCBuildConfiguration;
			buildSettings = {
				ASSETCATALOG_COMPILER_GENERATE_SWIFT_ASSET_SYMBOL_EXTENSIONS = YES;
				BUNDLE_LOADER = "$(TEST_HOST)";
				CLANG_CXX_LANGUAGE_STANDARD = "gnu++20";
				CODE_SIGN_STYLE = Automatic;
				CURRENT_PROJECT_VERSION = 1;
				ENABLE_USER_SCRIPT_SANDBOXING = YES;
				GCC_C_LANGUAGE_STANDARD = gnu17;
				GENERATE_INFOPLIST_FILE = YES;
				LOCALIZATION_PREFERS_STRING_CATALOGS = YES;
				MACOSX_DEPLOYMENT_TARGET = 14.2;
				MARKETING_VERSION = 1.0;
				PRODUCT_BUNDLE_IDENTIFIER = mr.pennyworth.AlfredExtraPaneTests;
				PRODUCT_NAME = "$(TARGET_NAME)";
				SWIFT_ACTIVE_COMPILATION_CONDITIONS = "DEBUG $(inherited)";
				SWIFT_EMIT_LOC_STRINGS = NO;
				SWIFT_VERSION = 5.0;
				TEST_HOST = "$(BUILT_PRODUCTS_DIR)/AlfredExtraPane.app/$(BUNDLE_EXECUTABLE_FOLDER_PATH)/AlfredExtraPane";
			};
			name = Debug;
		};
		D0B3E0A92B8A1F3A008EA695 /* Release */ = {
			isa = XCBuildConfiguration;
			buildSettings = {
				ASSETCATALOG_COMPILER_GENERATE_SWIFT_ASSET_SYMBOL_EXTENSIONS = YES;
				BUNDLE_LOADER = "$(TEST_HOST)";
				CLANG_CXX_LANGUAGE_STANDARD = "gnu++20";
				CODE_SIGN_STYLE = Automatic;
				CURRENT_PROJECT_VERSION = 1;
				ENABLE_USER_SCRIPT_SANDBOXING = YES;
				GCC_C_LANGUAGE_STANDARD = gnu17;
				GENERATE_INFOPLIST_FILE = YES;
				LOCALIZATION_PREFERS_STRING_CATALOGS = YES;
				MACOSX_DEPLOYMENT_TARGET = 14.2;
				MARKETING_VERSION = 1.0;
				PRODUCT_BUNDLE_IDENTIFIER = mr.pennyworth.AlfredExtraPaneTests;
				PRODUCT_NAME = "$(TARGET_NAME)";
				SWIFT_EMIT_LOC_STRINGS = NO;
				SWIFT_VERSION = 5.0;
				TEST_HOST = "$(BUILT_PRODUCTS_DIR)/AlfredExtraPane.app/$(BUNDLE_EXECUTABLE_FOLDER_PATH)/AlfredExtraPane";
			};
			name = Release;
		};
/* End XCBuildConfiguration section */

/* Begin XCConfigurationList section */
		D03EA8CA25551E0400D3656E /* Build configuration list for PBXProject "AlfredExtraPane" */ = {
			isa = XCConfigurationList;
			buildConfigurations = (
				D03EA8DD25551E0700D3656E /* Debug */,
				D03EA8DE25551E0700D3656E /* Release */,
			);
			defaultConfigurationIsVisible = 0;
			defaultConfigurationName = Release;
		};
		D03EA8DF25551E0700D3656E /* Build configuration list for PBXNativeTarget "AlfredExtraPane" */ = {
			isa = XCConfigurationList;
			buildConfigurations = (
				D03EA8E025551E0700D3656E /* Debug */,
				D03EA8E125551E0700D3656E /* Release */,
			);
			defaultConfigurationIsVisible = 0;
			defaultConfigurationName = Release;
		};
		D0B3E0A72B8A1F3A008EA695 /* Build configuration list for PBXNativeTarget "AlfredExtraPaneTests" */ = {
			isa = XCConfigurationList;
			buildConfigurations = (
				D0B3E0A82B8A1F3A008EA695 /* Debug */,
				D0B3E0A92B8A1F3A008EA695 /* Release */,
			);
			defaultConfigurationIsVisible = 0;
			defaultConfigurationName = Release;
		};
/* End XCConfigurationList section */

/* Begin XCRemoteSwiftPackageReference section */
		D040E2402667A4FC00495B2D /* XCRemoteSwiftPackageReference "AlfredSwift" */ = {
			isa = XCRemoteSwiftPackageReference;
			repositoryURL = "https://github.com/mr-pennyworth/AlfredSwift";
			requirement = {
				kind = upToNextMajorVersion;
				minimumVersion = 0.1.9;
			};
		};
		D0E764262C3C1E6D00E662F3 /* XCRemoteSwiftPackageReference "Sparkle" */ = {
			isa = XCRemoteSwiftPackageReference;
			repositoryURL = "https://github.com/sparkle-project/Sparkle";
			requirement = {
				kind = exactVersion;
				version = 2.6.4;
			};
		};
/* End XCRemoteSwiftPackageReference section */

/* Begin XCSwiftPackageProductDependency section */
		D040E2412667A4FC00495B2D /* Alfred */ = {
			isa = XCSwiftPackageProductDependency;
			package = D040E2402667A4FC00495B2D /* XCRemoteSwiftPackageReference "AlfredSwift" */;
			productName = Alfred;
		};
		D0E764272C3C1E6D00E662F3 /* Sparkle */ = {
			isa = XCSwiftPackageProductDependency;
			package = D0E764262C3C1E6D00E662F3 /* XCRemoteSwiftPackageReference "Sparkle" */;
			productName = Sparkle;
		};
/* End XCSwiftPackageProductDependency section */
	};
	rootObject = D03EA8C725551E0400D3656E /* Project object */;
}
